lockfileVersion: '6.0'

settings:
  autoInstallPeers: true
  excludeLinksFromLockfile: false

dependencies:
  '@galacean/engine':
    specifier: beta
    version: 1.0.0-beta.15
  '@galacean/engine-toolkit':
    specifier: 1.0.0-beta.2
    version: 1.0.0-beta.2(@galacean/engine@1.0.0-beta.15)

devDependencies:
  vite:
    specifier: ^2
    version: 2.0.0

packages:

  /@galacean/engine-core@1.0.0-beta.15:
    resolution: {integrity: sha512-KB+jqtUXsUL8PXMhKU5a6QeKVGGNY4GyIGKy6r2jF55lmMCTCyn7Aq7zJsbwLB65uEwKhqN+EhXkrb+nk2xP7A==}
    dependencies:
      '@galacean/engine-math': 1.0.0-beta.15
    dev: false

  /@galacean/engine-draco@1.0.0-beta.15:
    resolution: {integrity: sha512-TkyCySH8CXn8DA8ML8GrDcfDYASWIzuD8/ezCmyRVgzTfORr+E3qsk85FzNSUvwrMHRin/J/hyKhmPHo4dWHYg==}
    dependencies:
      '@galacean/engine-core': 1.0.0-beta.15
    dev: false

  /@galacean/engine-loader@1.0.0-beta.15:
    resolution: {integrity: sha512-T2gUQJRUVHM19WQxUMeTf3+1pEgBn69O8TSvmoM53c93iTQv5OTYSaJbxptgkUH8E8FWT+sOJNOq0MMq48BhYQ==}
    dependencies:
      '@galacean/engine-core': 1.0.0-beta.15
      '@galacean/engine-draco': 1.0.0-beta.15
      '@galacean/engine-math': 1.0.0-beta.15
      '@galacean/engine-rhi-webgl': 1.0.0-beta.15
    dev: false

  /@galacean/engine-math@1.0.0-beta.15:
    resolution: {integrity: sha512-eUHlG90CeWaDne+neDvaz/J9pwM26Ve/7WMayPISBBbaP7s7YBGSBJZzi7ZYiqUhyWiRk4h5cDTncngo1Wh2zQ==}
    dev: false

  /@galacean/engine-rhi-webgl@1.0.0-beta.15:
    resolution: {integrity: sha512-GTpu8Xe9al9eQy2OCrbmSXzf2J6+q5mnV+jJuNdcoJYoZYfCc+Zri1+PUwZ/RzqFCrI/maDwTkcKOeiUbIOzFw==}
    dependencies:
      '@galacean/engine-core': 1.0.0-beta.15
      '@galacean/engine-math': 1.0.0-beta.15
    dev: false

  /@galacean/engine-toolkit-auxiliary-lines@1.0.0-beta.2(@galacean/engine@1.0.0-beta.15):
    resolution: {integrity: sha512-a2OGeuK0NcKsVdjTUtuEqEYgwDzLNIrVCG0YAbRbvQ/1JnmlTkm/O5lDlLtS7LKuzmh/cvB3CNCYcTINfFXCAg==}
    peerDependencies:
      '@galacean/engine': ^1.0.0-alpha
    dependencies:
      '@galacean/engine': 1.0.0-beta.15
      '@galacean/engine-toolkit-custom-material': 1.0.0-beta.2(@galacean/engine@1.0.0-beta.15)
    dev: false

  /@galacean/engine-toolkit-controls@1.0.0-beta.2(@galacean/engine@1.0.0-beta.15):
    resolution: {integrity: sha512-UFxxsZtKaSOP6+0CKV6ScuxSpCMCM25VTEoOdmPI4rKckALkOMwiXlbm6v1Rb+S/42v1VUuJjzJCdg5FjSBPbw==}
    peerDependencies:
      '@galacean/engine': ^1.0.0-alpha
    dependencies:
      '@galacean/engine': 1.0.0-beta.15
    dev: false

  /@galacean/engine-toolkit-custom-material@1.0.0-beta.2(@galacean/engine@1.0.0-beta.15):
    resolution: {integrity: sha512-tKGRBSYmhvJXCmyFHHkRFgduCIyfP2r6FJ9WwWp/nh2NWGPNxdHgO4Tnqokljnowo7XrafOw+eHRigp+RDgZag==}
    peerDependencies:
      '@galacean/engine': ^1.0.0-alpha
    dependencies:
      '@galacean/engine': 1.0.0-beta.15
    dev: false

  /@galacean/engine-toolkit-framebuffer-picker@1.0.0-beta.2(@galacean/engine@1.0.0-beta.15):
    resolution: {integrity: sha512-jbYQyg8FgNiNHlfLVe6KKv0hsgKUaEzkZlzU24n49lUznEUKJzryGCYQ3Fttp5/j24zIx0hiTwXy9VNwbjg+Vg==}
    peerDependencies:
      '@galacean/engine': ^1.0.0-alpha
    dependencies:
      '@galacean/engine': 1.0.0-beta.15
    dev: false

  /@galacean/engine-toolkit-geometry-sketch@1.0.0-beta.2(@galacean/engine@1.0.0-beta.15):
    resolution: {integrity: sha512-KrxWrxPNkgMRvCnnwAfogzhRNeXDcAGfpen00pRbNFRFyQBWA2ATZnDEg8CNDZWMbx6DYOMW32Y+T4W5LI6ChQ==}
    peerDependencies:
      '@galacean/engine': ^1.0.0-alpha
    dependencies:
      '@galacean/engine': 1.0.0-beta.15
    dev: false

  /@galacean/engine-toolkit-gizmo@1.0.0-beta.2(@galacean/engine@1.0.0-beta.15):
    resolution: {integrity: sha512-rSlcZu+rYy6Kg95+BDOcokGXuNyu6qIjbsmLC2FAb8mJIzKJyS1EIzCfnsiMvCWZr9x9G+Q7NTVc3SvwgKbcxA==}
    peerDependencies:
      '@galacean/engine': ^1.0.0-alpha
    dependencies:
      '@galacean/engine': 1.0.0-beta.15
      '@galacean/engine-toolkit-custom-material': 1.0.0-beta.2(@galacean/engine@1.0.0-beta.15)
      '@galacean/engine-toolkit-framebuffer-picker': 1.0.0-beta.2(@galacean/engine@1.0.0-beta.15)
    dev: false

  /@galacean/engine-toolkit-lines@1.0.0-beta.2(@galacean/engine@1.0.0-beta.15):
    resolution: {integrity: sha512-Cy3pyf4Wm/jC7xbLqmGKCNHMwan3r6Q9GEYj17hyBqBvrLCw19iwsG39C4DQWjbL7hcoENHc+f6WBgznoYPpWA==}
    peerDependencies:
      '@galacean/engine': ^1.0.0-alpha
    dependencies:
      '@galacean/engine': 1.0.0-beta.15
    dev: false

  /@galacean/engine-toolkit-navigation-gizmo@1.0.0-beta.2(@galacean/engine@1.0.0-beta.15):
    resolution: {integrity: sha512-3j6V1x3cQyAQvO5k0Ug/8/Ri1hX+YSKmQvgYpmnLfP99hQGOcEaCyGJIf1T2Lhaf8a+r9OvfW2xvh1p1Bc+LBw==}
    peerDependencies:
      '@galacean/engine': ^1.0.0-alpha
    dependencies:
      '@galacean/engine': 1.0.0-beta.15
      '@galacean/engine-toolkit-controls': 1.0.0-beta.2(@galacean/engine@1.0.0-beta.15)
      '@galacean/engine-toolkit-custom-material': 1.0.0-beta.2(@galacean/engine@1.0.0-beta.15)
    dev: false

  /@galacean/engine-toolkit-outline@1.0.0-beta.2(@galacean/engine@1.0.0-beta.15):
    resolution: {integrity: sha512-/ikl8lfnJ+C701V1z5YxVuB52ky9EgiJv7aKW+ZVTGwvmfLcvgdzJErCDSFs3FxDc+4E0WuuSPhAT7cfeFaU0Q==}
    peerDependencies:
      '@galacean/engine': ^1.0.0-alpha
    dependencies:
      '@galacean/engine': 1.0.0-beta.15
    dev: false

  /@galacean/engine-toolkit-skeleton-viewer@1.0.0-beta.2(@galacean/engine@1.0.0-beta.15):
    resolution: {integrity: sha512-6k9DE4UU7TTIv5B4d80SPubNRU8OZY+PRStr7oGXZ2NiJE4kLQTONwx2/MdxZZKBLnrw4C+0lTQTmisjCjcSMA==}
    peerDependencies:
      '@galacean/engine': ^1.0.0-alpha
    dependencies:
      '@galacean/engine': 1.0.0-beta.15
    dev: false

  /@galacean/engine-toolkit-stats@1.0.0-beta.2(@galacean/engine@1.0.0-beta.15):
    resolution: {integrity: sha512-h2JnCUsotYwzooHK531O16mU+4KA1SRCHty0GsAhYgR4K0xjGWSJPvdt2m4V22EwUMD2yCv7ubLo+FJgc/xYDw==}
    peerDependencies:
      '@galacean/engine': ^1.0.0-alpha
    dependencies:
      '@galacean/engine': 1.0.0-beta.15
    dev: false

  /@galacean/engine-toolkit@1.0.0-beta.2(@galacean/engine@1.0.0-beta.15):
    resolution: {integrity: sha512-e53HNyndPg/BXyXQXdcBpPFfF5F76p3blmwP4Hq1ZKAy4In/KgucTex7uH5KmeoHmx6I6/h6dKqgnAw3DgDZ9g==}
    dependencies:
      '@galacean/engine-toolkit-auxiliary-lines': 1.0.0-beta.2(@galacean/engine@1.0.0-beta.15)
      '@galacean/engine-toolkit-controls': 1.0.0-beta.2(@galacean/engine@1.0.0-beta.15)
      '@galacean/engine-toolkit-custom-material': 1.0.0-beta.2(@galacean/engine@1.0.0-beta.15)
      '@galacean/engine-toolkit-framebuffer-picker': 1.0.0-beta.2(@galacean/engine@1.0.0-beta.15)
      '@galacean/engine-toolkit-geometry-sketch': 1.0.0-beta.2(@galacean/engine@1.0.0-beta.15)
      '@galacean/engine-toolkit-gizmo': 1.0.0-beta.2(@galacean/engine@1.0.0-beta.15)
      '@galacean/engine-toolkit-lines': 1.0.0-beta.2(@galacean/engine@1.0.0-beta.15)
      '@galacean/engine-toolkit-navigation-gizmo': 1.0.0-beta.2(@galacean/engine@1.0.0-beta.15)
      '@galacean/engine-toolkit-outline': 1.0.0-beta.2(@galacean/engine@1.0.0-beta.15)
      '@galacean/engine-toolkit-skeleton-viewer': 1.0.0-beta.2(@galacean/engine@1.0.0-beta.15)
      '@galacean/engine-toolkit-stats': 1.0.0-beta.2(@galacean/engine@1.0.0-beta.15)
    transitivePeerDependencies:
      - '@galacean/engine'
    dev: false

  /@galacean/engine@1.0.0-beta.15:
    resolution: {integrity: sha512-psVW3MSSDvEHiGATXJIlZOMJOfLpaDA5FR+bqbw01MzNRPwdjZdMQ++LoZhXCcaOoUg9Laq79/tClX7OiAE6qA==}
    dependencies:
      '@galacean/engine-core': 1.0.0-beta.15
      '@galacean/engine-loader': 1.0.0-beta.15
      '@galacean/engine-math': 1.0.0-beta.15
      '@galacean/engine-rhi-webgl': 1.0.0-beta.15
    dev: false

  /esbuild@0.8.57:
    resolution: {integrity: sha512-j02SFrUwFTRUqiY0Kjplwjm1psuzO1d6AjaXKuOR9hrY0HuPsT6sV42B6myW34h1q4CRy+Y3g4RU/cGJeI/nNA==}
    hasBin: true
    requiresBuild: true
    dev: true

  /fsevents@2.3.2:
    resolution: {integrity: sha512-xiqMQR4xAeHTuB9uWm+fFRcIOgKBMiOBP+eXiyT7jsgVCq1bkVygt00oASowB7EdtpOHaaPgKt812P9ab+DDKA==}
    engines: {node: ^8.16.0 || ^10.6.0 || >=11.0.0}
    os: [darwin]
    requiresBuild: true
    dev: true
    optional: true

  /function-bind@1.1.1:
    resolution: {integrity: sha512-yIovAzMX49sF8Yl58fSCWJ5svSLuaibPxXQJFLmBObTuCr0Mf1KiPopGM9NiFjiYBCbfaa2Fh6breQ6ANVTI0A==}
    dev: true

  /has@1.0.3:
    resolution: {integrity: sha512-f2dvO0VU6Oej7RkWJGrehjbzMAjFp5/VKPp5tTpWIV4JHHZK1/BxbFRtf/siA2SWTe09caDmVtYYzWEIbBS4zw==}
    engines: {node: '>= 0.4.0'}
    dependencies:
      function-bind: 1.1.1
    dev: true

  /is-core-module@2.12.1:
    resolution: {integrity: sha512-Q4ZuBAe2FUsKtyQJoQHlvP8OvBERxO3jEmy1I7hcRXcJBGGHFh/aJBswbXuS9sgrDH2QUO8ilkwNPHvHMd8clg==}
    dependencies:
      has: 1.0.3
    dev: true

  /nanoid@3.3.6:
    resolution: {integrity: sha512-BGcqMMJuToF7i1rt+2PWSNVnWIkGCU78jBG3RxO/bZlnZPK2Cmi2QaffxGO/2RvWi9sL+FAiRiXMgsyxQ1DIDA==}
    engines: {node: ^10 || ^12 || ^13.7 || ^14 || >=15.0.1}
    hasBin: true
    dev: true

  /path-parse@1.0.7:
    resolution: {integrity: sha512-LDJzPVEEEPR+y48z93A0Ed0yXb8pAByGWo/k5YYdYgpY2/2EsOsksJrq7lOHxryrVOn1ejG6oAp8ahvOIQD8sw==}
    dev: true

  /picocolors@1.0.0:
    resolution: {integrity: sha512-1fygroTLlHu66zi26VoTDv8yRgm0Fccecssto+MhsZ0D/DGW2sm8E8AjW7NU5VVTRt5GxbeZ5qBuJr+HyLYkjQ==}
    dev: true

  /postcss@8.4.24:
    resolution: {integrity: sha512-M0RzbcI0sO/XJNucsGjvWU9ERWxb/ytp1w6dKtxTKgixdtQDq4rmx/g8W1hnaheq9jgwL/oyEdH5Bc4WwJKMqg==}
    engines: {node: ^10 || ^12 || >=14}
    dependencies:
      nanoid: 3.3.6
      picocolors: 1.0.0
      source-map-js: 1.0.2
    dev: true

  /resolve@1.22.2:
    resolution: {integrity: sha512-Sb+mjNHOULsBv818T40qSPeRiuWLyaGMa5ewydRLFimneixmVy2zdivRl+AF6jaYPC8ERxGDmFSiqui6SfPd+g==}
    hasBin: true
    dependencies:
      is-core-module: 2.12.1
      path-parse: 1.0.7
      supports-preserve-symlinks-flag: 1.0.0
    dev: true

  /rollup@2.79.1:
    resolution: {integrity: sha512-uKxbd0IhMZOhjAiD5oAFp7BqvkA4Dv47qpOCtaNvng4HBwdbWtdOh8f5nZNuk2rp51PMGk3bzfWu5oayNEuYnw==}
    engines: {node: '>=10.0.0'}
    hasBin: true
    optionalDependencies:
      fsevents: 2.3.2
    dev: true

  /source-map-js@1.0.2:
    resolution: {integrity: sha512-R0XvVJ9WusLiqTCEiGCmICCMplcCkIwwR11mOSD9CR5u+IXYdiseeEuXCVAjS54zqwkLcPNnmU4OeJ6tUrWhDw==}
    engines: {node: '>=0.10.0'}
    dev: true

  /supports-preserve-symlinks-flag@1.0.0:
    resolution: {integrity: sha512-ot0WnXS9fgdkgIcePe6RHNk1WA8+muPa6cSjeR3V8K27q9BB1rTE3R1p7Hv0z1ZyAc8s6Vvv8DIyWf681MAt0w==}
    engines: {node: '>= 0.4'}
    dev: true

  /vite@2.0.0:
    resolution: {integrity: sha512-rNli5g0DaQ6+btlRqkmaR06neWaJGApmt40gocqrYDNi2XoEXYQgKiHSWzMeUgc1Cdva2HduqazaE+RaKjBpdQ==}
    engines: {node: '>=12.0.0'}
    hasBin: true
    dependencies:
      esbuild: 0.8.57
      postcss: 8.4.24
      resolve: 1.22.2
      rollup: 2.79.1
    optionalDependencies:
      fsevents: 2.3.2
    dev: true
