lockfileVersion: 5.4

specifiers:
  '@galacean/engine': beta
  '@galacean/engine-toolkit': 1.0.0-beta.2
  vite: ^2

dependencies:
  '@galacean/engine': 1.0.0-beta.12
  '@galacean/engine-toolkit': 1.0.0-beta.2_khsclxblfwww7zkrrrytagpp5q

devDependencies:
  vite: 2.9.16

packages:

  /@esbuild/linux-loong64/0.14.54:
    resolution: {integrity: sha512-bZBrLAIX1kpWelV0XemxBZllyRmM6vgFQQG2GdNb+r3Fkp0FOh1NJSvekXDs7jq70k4euu1cryLMfU+mTXlEpw==, tarball: '@esbuild/linux-loong64/download/@esbuild/linux-loong64-0.14.54.tgz'}
    engines: {node: '>=12'}
    cpu: [loong64]
    os: [linux]
    requiresBuild: true
    dev: true
    optional: true

  /@galacean/engine-core/1.0.0-beta.12:
    resolution: {integrity: sha512-AdvBUU3VqFwZC2ME5UVCWtTsRa8WA0blaiHJ4EMb5r7IB4Cbm0MI92BGgYRE5N8ms7SrUYxuFEs+r6Hhp4SkKw==, tarball: '@galacean/engine-core/download/@galacean/engine-core-1.0.0-beta.12.tgz'}
    dependencies:
      '@galacean/engine-math': 1.0.0-beta.12
    dev: false

  /@galacean/engine-draco/1.0.0-beta.12:
    resolution: {integrity: sha512-I5qUqVp0GBaYqdklMtuzmYWqgavSl9ebc48PiNOsWz6QSGpKQZB4Lrm/97DeS+AyJCMcI8opiqYqmG6vWjUVog==, tarball: '@galacean/engine-draco/download/@galacean/engine-draco-1.0.0-beta.12.tgz'}
    dependencies:
      '@galacean/engine-core': 1.0.0-beta.12
    dev: false

  /@galacean/engine-loader/1.0.0-beta.12:
    resolution: {integrity: sha512-+FhitUjWPK4qJ3pa86NVEkUJWy9s9Y4klKcEPOzCetV2Br/ambVJATgMpq4aFeWaZn+OjJQlIgEs91OdNFyJSg==, tarball: '@galacean/engine-loader/download/@galacean/engine-loader-1.0.0-beta.12.tgz'}
    dependencies:
      '@galacean/engine-core': 1.0.0-beta.12
      '@galacean/engine-draco': 1.0.0-beta.12
      '@galacean/engine-math': 1.0.0-beta.12
      '@galacean/engine-rhi-webgl': 1.0.0-beta.12
    dev: false

  /@galacean/engine-math/1.0.0-beta.12:
    resolution: {integrity: sha512-f4377J4hSddCak8gq4f1Z4zNg0RHzSvXO42L74UhACoLnw3OUu6zm59wJyioE2y+EeNJg3d/Y4k7rSdy3Iwvmg==, tarball: '@galacean/engine-math/download/@galacean/engine-math-1.0.0-beta.12.tgz'}
    dev: false

  /@galacean/engine-rhi-webgl/1.0.0-beta.12:
    resolution: {integrity: sha512-yFmjPpTrP5KQnmXLkyt/dlr78YIQctBr1IrM89dSEyY5RyuIOJvsQnZy2WfBECOhYNY0GpoxUF8zEja9w8TM3g==, tarball: '@galacean/engine-rhi-webgl/download/@galacean/engine-rhi-webgl-1.0.0-beta.12.tgz'}
    dependencies:
      '@galacean/engine-core': 1.0.0-beta.12
      '@galacean/engine-math': 1.0.0-beta.12
    dev: false

  /@galacean/engine-toolkit-auxiliary-lines/1.0.0-beta.2_khsclxblfwww7zkrrrytagpp5q:
    resolution: {integrity: sha512-a2OGeuK0NcKsVdjTUtuEqEYgwDzLNIrVCG0YAbRbvQ/1JnmlTkm/O5lDlLtS7LKuzmh/cvB3CNCYcTINfFXCAg==, tarball: '@galacean/engine-toolkit-auxiliary-lines/download/@galacean/engine-toolkit-auxiliary-lines-1.0.0-beta.2.tgz'}
    peerDependencies:
      '@galacean/engine': ^1.0.0-alpha
    dependencies:
      '@galacean/engine': 1.0.0-beta.12
      '@galacean/engine-toolkit-custom-material': 1.0.0-beta.2_khsclxblfwww7zkrrrytagpp5q
    dev: false

  /@galacean/engine-toolkit-controls/1.0.0-beta.2_khsclxblfwww7zkrrrytagpp5q:
    resolution: {integrity: sha512-UFxxsZtKaSOP6+0CKV6ScuxSpCMCM25VTEoOdmPI4rKckALkOMwiXlbm6v1Rb+S/42v1VUuJjzJCdg5FjSBPbw==, tarball: '@galacean/engine-toolkit-controls/download/@galacean/engine-toolkit-controls-1.0.0-beta.2.tgz'}
    peerDependencies:
      '@galacean/engine': ^1.0.0-alpha
    dependencies:
      '@galacean/engine': 1.0.0-beta.12
    dev: false

  /@galacean/engine-toolkit-custom-material/1.0.0-beta.2_khsclxblfwww7zkrrrytagpp5q:
    resolution: {integrity: sha512-tKGRBSYmhvJXCmyFHHkRFgduCIyfP2r6FJ9WwWp/nh2NWGPNxdHgO4Tnqokljnowo7XrafOw+eHRigp+RDgZag==, tarball: '@galacean/engine-toolkit-custom-material/download/@galacean/engine-toolkit-custom-material-1.0.0-beta.2.tgz'}
    peerDependencies:
      '@galacean/engine': ^1.0.0-alpha
    dependencies:
      '@galacean/engine': 1.0.0-beta.12
    dev: false

  /@galacean/engine-toolkit-framebuffer-picker/1.0.0-beta.2_khsclxblfwww7zkrrrytagpp5q:
    resolution: {integrity: sha512-jbYQyg8FgNiNHlfLVe6KKv0hsgKUaEzkZlzU24n49lUznEUKJzryGCYQ3Fttp5/j24zIx0hiTwXy9VNwbjg+Vg==, tarball: '@galacean/engine-toolkit-framebuffer-picker/download/@galacean/engine-toolkit-framebuffer-picker-1.0.0-beta.2.tgz'}
    peerDependencies:
      '@galacean/engine': ^1.0.0-alpha
    dependencies:
      '@galacean/engine': 1.0.0-beta.12
    dev: false

  /@galacean/engine-toolkit-geometry-sketch/1.0.0-beta.2_khsclxblfwww7zkrrrytagpp5q:
    resolution: {integrity: sha512-KrxWrxPNkgMRvCnnwAfogzhRNeXDcAGfpen00pRbNFRFyQBWA2ATZnDEg8CNDZWMbx6DYOMW32Y+T4W5LI6ChQ==, tarball: '@galacean/engine-toolkit-geometry-sketch/download/@galacean/engine-toolkit-geometry-sketch-1.0.0-beta.2.tgz'}
    peerDependencies:
      '@galacean/engine': ^1.0.0-alpha
    dependencies:
      '@galacean/engine': 1.0.0-beta.12
    dev: false

  /@galacean/engine-toolkit-gizmo/1.0.0-beta.2_khsclxblfwww7zkrrrytagpp5q:
    resolution: {integrity: sha512-rSlcZu+rYy6Kg95+BDOcokGXuNyu6qIjbsmLC2FAb8mJIzKJyS1EIzCfnsiMvCWZr9x9G+Q7NTVc3SvwgKbcxA==, tarball: '@galacean/engine-toolkit-gizmo/download/@galacean/engine-toolkit-gizmo-1.0.0-beta.2.tgz'}
    peerDependencies:
      '@galacean/engine': ^1.0.0-alpha
    dependencies:
      '@galacean/engine': 1.0.0-beta.12
      '@galacean/engine-toolkit-custom-material': 1.0.0-beta.2_khsclxblfwww7zkrrrytagpp5q
      '@galacean/engine-toolkit-framebuffer-picker': 1.0.0-beta.2_khsclxblfwww7zkrrrytagpp5q
    dev: false

  /@galacean/engine-toolkit-lines/1.0.0-beta.2_khsclxblfwww7zkrrrytagpp5q:
    resolution: {integrity: sha512-Cy3pyf4Wm/jC7xbLqmGKCNHMwan3r6Q9GEYj17hyBqBvrLCw19iwsG39C4DQWjbL7hcoENHc+f6WBgznoYPpWA==, tarball: '@galacean/engine-toolkit-lines/download/@galacean/engine-toolkit-lines-1.0.0-beta.2.tgz'}
    peerDependencies:
      '@galacean/engine': ^1.0.0-alpha
    dependencies:
      '@galacean/engine': 1.0.0-beta.12
    dev: false

  /@galacean/engine-toolkit-navigation-gizmo/1.0.0-beta.2_khsclxblfwww7zkrrrytagpp5q:
    resolution: {integrity: sha512-3j6V1x3cQyAQvO5k0Ug/8/Ri1hX+YSKmQvgYpmnLfP99hQGOcEaCyGJIf1T2Lhaf8a+r9OvfW2xvh1p1Bc+LBw==, tarball: '@galacean/engine-toolkit-navigation-gizmo/download/@galacean/engine-toolkit-navigation-gizmo-1.0.0-beta.2.tgz'}
    peerDependencies:
      '@galacean/engine': ^1.0.0-alpha
    dependencies:
      '@galacean/engine': 1.0.0-beta.12
      '@galacean/engine-toolkit-controls': 1.0.0-beta.2_khsclxblfwww7zkrrrytagpp5q
      '@galacean/engine-toolkit-custom-material': 1.0.0-beta.2_khsclxblfwww7zkrrrytagpp5q
    dev: false

  /@galacean/engine-toolkit-outline/1.0.0-beta.2_khsclxblfwww7zkrrrytagpp5q:
    resolution: {integrity: sha512-/ikl8lfnJ+C701V1z5YxVuB52ky9EgiJv7aKW+ZVTGwvmfLcvgdzJErCDSFs3FxDc+4E0WuuSPhAT7cfeFaU0Q==, tarball: '@galacean/engine-toolkit-outline/download/@galacean/engine-toolkit-outline-1.0.0-beta.2.tgz'}
    peerDependencies:
      '@galacean/engine': ^1.0.0-alpha
    dependencies:
      '@galacean/engine': 1.0.0-beta.12
    dev: false

  /@galacean/engine-toolkit-skeleton-viewer/1.0.0-beta.2_khsclxblfwww7zkrrrytagpp5q:
    resolution: {integrity: sha512-6k9DE4UU7TTIv5B4d80SPubNRU8OZY+PRStr7oGXZ2NiJE4kLQTONwx2/MdxZZKBLnrw4C+0lTQTmisjCjcSMA==, tarball: '@galacean/engine-toolkit-skeleton-viewer/download/@galacean/engine-toolkit-skeleton-viewer-1.0.0-beta.2.tgz'}
    peerDependencies:
      '@galacean/engine': ^1.0.0-alpha
    dependencies:
      '@galacean/engine': 1.0.0-beta.12
    dev: false

  /@galacean/engine-toolkit-stats/1.0.0-beta.2_khsclxblfwww7zkrrrytagpp5q:
    resolution: {integrity: sha512-h2JnCUsotYwzooHK531O16mU+4KA1SRCHty0GsAhYgR4K0xjGWSJPvdt2m4V22EwUMD2yCv7ubLo+FJgc/xYDw==, tarball: '@galacean/engine-toolkit-stats/download/@galacean/engine-toolkit-stats-1.0.0-beta.2.tgz'}
    peerDependencies:
      '@galacean/engine': ^1.0.0-alpha
    dependencies:
      '@galacean/engine': 1.0.0-beta.12
    dev: false

  /@galacean/engine-toolkit/1.0.0-beta.2_khsclxblfwww7zkrrrytagpp5q:
    resolution: {integrity: sha512-e53HNyndPg/BXyXQXdcBpPFfF5F76p3blmwP4Hq1ZKAy4In/KgucTex7uH5KmeoHmx6I6/h6dKqgnAw3DgDZ9g==, tarball: '@galacean/engine-toolkit/download/@galacean/engine-toolkit-1.0.0-beta.2.tgz'}
    dependencies:
      '@galacean/engine-toolkit-auxiliary-lines': 1.0.0-beta.2_khsclxblfwww7zkrrrytagpp5q
      '@galacean/engine-toolkit-controls': 1.0.0-beta.2_khsclxblfwww7zkrrrytagpp5q
      '@galacean/engine-toolkit-custom-material': 1.0.0-beta.2_khsclxblfwww7zkrrrytagpp5q
      '@galacean/engine-toolkit-framebuffer-picker': 1.0.0-beta.2_khsclxblfwww7zkrrrytagpp5q
      '@galacean/engine-toolkit-geometry-sketch': 1.0.0-beta.2_khsclxblfwww7zkrrrytagpp5q
      '@galacean/engine-toolkit-gizmo': 1.0.0-beta.2_khsclxblfwww7zkrrrytagpp5q
      '@galacean/engine-toolkit-lines': 1.0.0-beta.2_khsclxblfwww7zkrrrytagpp5q
      '@galacean/engine-toolkit-navigation-gizmo': 1.0.0-beta.2_khsclxblfwww7zkrrrytagpp5q
      '@galacean/engine-toolkit-outline': 1.0.0-beta.2_khsclxblfwww7zkrrrytagpp5q
      '@galacean/engine-toolkit-skeleton-viewer': 1.0.0-beta.2_khsclxblfwww7zkrrrytagpp5q
      '@galacean/engine-toolkit-stats': 1.0.0-beta.2_khsclxblfwww7zkrrrytagpp5q
    transitivePeerDependencies:
      - '@galacean/engine'
    dev: false

  /@galacean/engine/1.0.0-beta.12:
    resolution: {integrity: sha512-VzFUkN5vV9viciqDd5MaKQYaY2uGlhbZFudGsCf1xs7eoW/PFEqMg0GD3XNDSAcG6GNuZRZNZCtnK1dFlTBrBw==, tarball: '@galacean/engine/download/@galacean/engine-1.0.0-beta.12.tgz'}
    dependencies:
      '@galacean/engine-core': 1.0.0-beta.12
      '@galacean/engine-loader': 1.0.0-beta.12
      '@galacean/engine-math': 1.0.0-beta.12
      '@galacean/engine-rhi-webgl': 1.0.0-beta.12
    dev: false

  /esbuild-android-64/0.14.54:
    resolution: {integrity: sha512-Tz2++Aqqz0rJ7kYBfz+iqyE3QMycD4vk7LBRyWaAVFgFtQ/O8EJOnVmTOiDWYZ/uYzB4kvP+bqejYdVKzE5lAQ==, tarball: esbuild-android-64/download/esbuild-android-64-0.14.54.tgz}
    engines: {node: '>=12'}
    cpu: [x64]
    os: [android]
    requiresBuild: true
    dev: true
    optional: true

  /esbuild-android-arm64/0.14.54:
    resolution: {integrity: sha512-F9E+/QDi9sSkLaClO8SOV6etqPd+5DgJje1F9lOWoNncDdOBL2YF59IhsWATSt0TLZbYCf3pNlTHvVV5VfHdvg==, tarball: esbuild-android-arm64/download/esbuild-android-arm64-0.14.54.tgz}
    engines: {node: '>=12'}
    cpu: [arm64]
    os: [android]
    requiresBuild: true
    dev: true
    optional: true

  /esbuild-darwin-64/0.14.54:
    resolution: {integrity: sha512-jtdKWV3nBviOd5v4hOpkVmpxsBy90CGzebpbO9beiqUYVMBtSc0AL9zGftFuBon7PNDcdvNCEuQqw2x0wP9yug==, tarball: esbuild-darwin-64/download/esbuild-darwin-64-0.14.54.tgz}
    engines: {node: '>=12'}
    cpu: [x64]
    os: [darwin]
    requiresBuild: true
    dev: true
    optional: true

  /esbuild-darwin-arm64/0.14.54:
    resolution: {integrity: sha512-OPafJHD2oUPyvJMrsCvDGkRrVCar5aVyHfWGQzY1dWnzErjrDuSETxwA2HSsyg2jORLY8yBfzc1MIpUkXlctmw==, tarball: esbuild-darwin-arm64/download/esbuild-darwin-arm64-0.14.54.tgz}
    engines: {node: '>=12'}
    cpu: [arm64]
    os: [darwin]
    requiresBuild: true
    dev: true
    optional: true

  /esbuild-freebsd-64/0.14.54:
    resolution: {integrity: sha512-OKwd4gmwHqOTp4mOGZKe/XUlbDJ4Q9TjX0hMPIDBUWWu/kwhBAudJdBoxnjNf9ocIB6GN6CPowYpR/hRCbSYAg==, tarball: esbuild-freebsd-64/download/esbuild-freebsd-64-0.14.54.tgz}
    engines: {node: '>=12'}
    cpu: [x64]
    os: [freebsd]
    requiresBuild: true
    dev: true
    optional: true

  /esbuild-freebsd-arm64/0.14.54:
    resolution: {integrity: sha512-sFwueGr7OvIFiQT6WeG0jRLjkjdqWWSrfbVwZp8iMP+8UHEHRBvlaxL6IuKNDwAozNUmbb8nIMXa7oAOARGs1Q==, tarball: esbuild-freebsd-arm64/download/esbuild-freebsd-arm64-0.14.54.tgz}
    engines: {node: '>=12'}
    cpu: [arm64]
    os: [freebsd]
    requiresBuild: true
    dev: true
    optional: true

  /esbuild-linux-32/0.14.54:
    resolution: {integrity: sha512-1ZuY+JDI//WmklKlBgJnglpUL1owm2OX+8E1syCD6UAxcMM/XoWd76OHSjl/0MR0LisSAXDqgjT3uJqT67O3qw==, tarball: esbuild-linux-32/download/esbuild-linux-32-0.14.54.tgz}
    engines: {node: '>=12'}
    cpu: [ia32]
    os: [linux]
    requiresBuild: true
    dev: true
    optional: true

  /esbuild-linux-64/0.14.54:
    resolution: {integrity: sha512-EgjAgH5HwTbtNsTqQOXWApBaPVdDn7XcK+/PtJwZLT1UmpLoznPd8c5CxqsH2dQK3j05YsB3L17T8vE7cp4cCg==, tarball: esbuild-linux-64/download/esbuild-linux-64-0.14.54.tgz}
    engines: {node: '>=12'}
    cpu: [x64]
    os: [linux]
    requiresBuild: true
    dev: true
    optional: true

  /esbuild-linux-arm/0.14.54:
    resolution: {integrity: sha512-qqz/SjemQhVMTnvcLGoLOdFpCYbz4v4fUo+TfsWG+1aOu70/80RV6bgNpR2JCrppV2moUQkww+6bWxXRL9YMGw==, tarball: esbuild-linux-arm/download/esbuild-linux-arm-0.14.54.tgz}
    engines: {node: '>=12'}
    cpu: [arm]
    os: [linux]
    requiresBuild: true
    dev: true
    optional: true

  /esbuild-linux-arm64/0.14.54:
    resolution: {integrity: sha512-WL71L+0Rwv+Gv/HTmxTEmpv0UgmxYa5ftZILVi2QmZBgX3q7+tDeOQNqGtdXSdsL8TQi1vIaVFHUPDe0O0kdig==, tarball: esbuild-linux-arm64/download/esbuild-linux-arm64-0.14.54.tgz}
    engines: {node: '>=12'}
    cpu: [arm64]
    os: [linux]
    requiresBuild: true
    dev: true
    optional: true

  /esbuild-linux-mips64le/0.14.54:
    resolution: {integrity: sha512-qTHGQB8D1etd0u1+sB6p0ikLKRVuCWhYQhAHRPkO+OF3I/iSlTKNNS0Lh2Oc0g0UFGguaFZZiPJdJey3AGpAlw==, tarball: esbuild-linux-mips64le/download/esbuild-linux-mips64le-0.14.54.tgz}
    engines: {node: '>=12'}
    cpu: [mips64el]
    os: [linux]
    requiresBuild: true
    dev: true
    optional: true

  /esbuild-linux-ppc64le/0.14.54:
    resolution: {integrity: sha512-j3OMlzHiqwZBDPRCDFKcx595XVfOfOnv68Ax3U4UKZ3MTYQB5Yz3X1mn5GnodEVYzhtZgxEBidLWeIs8FDSfrQ==, tarball: esbuild-linux-ppc64le/download/esbuild-linux-ppc64le-0.14.54.tgz}
    engines: {node: '>=12'}
    cpu: [ppc64]
    os: [linux]
    requiresBuild: true
    dev: true
    optional: true

  /esbuild-linux-riscv64/0.14.54:
    resolution: {integrity: sha512-y7Vt7Wl9dkOGZjxQZnDAqqn+XOqFD7IMWiewY5SPlNlzMX39ocPQlOaoxvT4FllA5viyV26/QzHtvTjVNOxHZg==, tarball: esbuild-linux-riscv64/download/esbuild-linux-riscv64-0.14.54.tgz}
    engines: {node: '>=12'}
    cpu: [riscv64]
    os: [linux]
    requiresBuild: true
    dev: true
    optional: true

  /esbuild-linux-s390x/0.14.54:
    resolution: {integrity: sha512-zaHpW9dziAsi7lRcyV4r8dhfG1qBidQWUXweUjnw+lliChJqQr+6XD71K41oEIC3Mx1KStovEmlzm+MkGZHnHA==, tarball: esbuild-linux-s390x/download/esbuild-linux-s390x-0.14.54.tgz}
    engines: {node: '>=12'}
    cpu: [s390x]
    os: [linux]
    requiresBuild: true
    dev: true
    optional: true

  /esbuild-netbsd-64/0.14.54:
    resolution: {integrity: sha512-PR01lmIMnfJTgeU9VJTDY9ZerDWVFIUzAtJuDHwwceppW7cQWjBBqP48NdeRtoP04/AtO9a7w3viI+PIDr6d+w==, tarball: esbuild-netbsd-64/download/esbuild-netbsd-64-0.14.54.tgz}
    engines: {node: '>=12'}
    cpu: [x64]
    os: [netbsd]
    requiresBuild: true
    dev: true
    optional: true

  /esbuild-openbsd-64/0.14.54:
    resolution: {integrity: sha512-Qyk7ikT2o7Wu76UsvvDS5q0amJvmRzDyVlL0qf5VLsLchjCa1+IAvd8kTBgUxD7VBUUVgItLkk609ZHUc1oCaw==, tarball: esbuild-openbsd-64/download/esbuild-openbsd-64-0.14.54.tgz}
    engines: {node: '>=12'}
    cpu: [x64]
    os: [openbsd]
    requiresBuild: true
    dev: true
    optional: true

  /esbuild-sunos-64/0.14.54:
    resolution: {integrity: sha512-28GZ24KmMSeKi5ueWzMcco6EBHStL3B6ubM7M51RmPwXQGLe0teBGJocmWhgwccA1GeFXqxzILIxXpHbl9Q/Kw==, tarball: esbuild-sunos-64/download/esbuild-sunos-64-0.14.54.tgz}
    engines: {node: '>=12'}
    cpu: [x64]
    os: [sunos]
    requiresBuild: true
    dev: true
    optional: true

  /esbuild-windows-32/0.14.54:
    resolution: {integrity: sha512-T+rdZW19ql9MjS7pixmZYVObd9G7kcaZo+sETqNH4RCkuuYSuv9AGHUVnPoP9hhuE1WM1ZimHz1CIBHBboLU7w==, tarball: esbuild-windows-32/download/esbuild-windows-32-0.14.54.tgz}
    engines: {node: '>=12'}
    cpu: [ia32]
    os: [win32]
    requiresBuild: true
    dev: true
    optional: true

  /esbuild-windows-64/0.14.54:
    resolution: {integrity: sha512-AoHTRBUuYwXtZhjXZbA1pGfTo8cJo3vZIcWGLiUcTNgHpJJMC1rVA44ZereBHMJtotyN71S8Qw0npiCIkW96cQ==, tarball: esbuild-windows-64/download/esbuild-windows-64-0.14.54.tgz}
    engines: {node: '>=12'}
    cpu: [x64]
    os: [win32]
    requiresBuild: true
    dev: true
    optional: true

  /esbuild-windows-arm64/0.14.54:
    resolution: {integrity: sha512-M0kuUvXhot1zOISQGXwWn6YtS+Y/1RT9WrVIOywZnJHo3jCDyewAc79aKNQWFCQm+xNHVTq9h8dZKvygoXQQRg==, tarball: esbuild-windows-arm64/download/esbuild-windows-arm64-0.14.54.tgz}
    engines: {node: '>=12'}
    cpu: [arm64]
    os: [win32]
    requiresBuild: true
    dev: true
    optional: true

  /esbuild/0.14.54:
    resolution: {integrity: sha512-Cy9llcy8DvET5uznocPyqL3BFRrFXSVqbgpMJ9Wz8oVjZlh/zUSNbPRbov0VX7VxN2JH1Oa0uNxZ7eLRb62pJA==, tarball: esbuild/download/esbuild-0.14.54.tgz}
    engines: {node: '>=12'}
    hasBin: true
    requiresBuild: true
    optionalDependencies:
      '@esbuild/linux-loong64': 0.14.54
      esbuild-android-64: 0.14.54
      esbuild-android-arm64: 0.14.54
      esbuild-darwin-64: 0.14.54
      esbuild-darwin-arm64: 0.14.54
      esbuild-freebsd-64: 0.14.54
      esbuild-freebsd-arm64: 0.14.54
      esbuild-linux-32: 0.14.54
      esbuild-linux-64: 0.14.54
      esbuild-linux-arm: 0.14.54
      esbuild-linux-arm64: 0.14.54
      esbuild-linux-mips64le: 0.14.54
      esbuild-linux-ppc64le: 0.14.54
      esbuild-linux-riscv64: 0.14.54
      esbuild-linux-s390x: 0.14.54
      esbuild-netbsd-64: 0.14.54
      esbuild-openbsd-64: 0.14.54
      esbuild-sunos-64: 0.14.54
      esbuild-windows-32: 0.14.54
      esbuild-windows-64: 0.14.54
      esbuild-windows-arm64: 0.14.54
    dev: true

  /fsevents/2.3.2:
    resolution: {integrity: sha1-ilJveLj99GI7cJ4Ll1xSwkwC/Ro=, tarball: fsevents/download/fsevents-2.3.2.tgz}
    engines: {node: ^8.16.0 || ^10.6.0 || >=11.0.0}
    os: [darwin]
    requiresBuild: true
    dev: true
    optional: true

  /function-bind/1.1.1:
    resolution: {integrity: sha1-pWiZ0+o8m6uHS7l3O3xe3pL0iV0=, tarball: function-bind/download/function-bind-1.1.1.tgz}
    dev: true

  /has/1.0.3:
    resolution: {integrity: sha1-ci18v8H2qoJB8W3YFOAR4fQeh5Y=, tarball: has/download/has-1.0.3.tgz}
    engines: {node: '>= 0.4.0'}
    dependencies:
      function-bind: 1.1.1
    dev: true

  /is-core-module/2.12.1:
    resolution: {integrity: sha512-Q4ZuBAe2FUsKtyQJoQHlvP8OvBERxO3jEmy1I7hcRXcJBGGHFh/aJBswbXuS9sgrDH2QUO8ilkwNPHvHMd8clg==, tarball: is-core-module/download/is-core-module-2.12.1.tgz}
    dependencies:
      has: 1.0.3
    dev: true

  /nanoid/3.3.6:
    resolution: {integrity: sha512-BGcqMMJuToF7i1rt+2PWSNVnWIkGCU78jBG3RxO/bZlnZPK2Cmi2QaffxGO/2RvWi9sL+FAiRiXMgsyxQ1DIDA==, tarball: nanoid/download/nanoid-3.3.6.tgz}
    engines: {node: ^10 || ^12 || ^13.7 || ^14 || >=15.0.1}
    hasBin: true
    dev: true

  /path-parse/1.0.7:
    resolution: {integrity: sha1-+8EUtgykKzDZ2vWFjkvWi77bZzU=, tarball: path-parse/download/path-parse-1.0.7.tgz}
    dev: true

  /picocolors/1.0.0:
    resolution: {integrity: sha1-y1vcdP8/UYkiNur3nWi8RFZKuBw=, tarball: picocolors/download/picocolors-1.0.0.tgz}
    dev: true

  /postcss/8.4.24:
    resolution: {integrity: sha512-M0RzbcI0sO/XJNucsGjvWU9ERWxb/ytp1w6dKtxTKgixdtQDq4rmx/g8W1hnaheq9jgwL/oyEdH5Bc4WwJKMqg==, tarball: postcss/download/postcss-8.4.24.tgz}
    engines: {node: ^10 || ^12 || >=14}
    dependencies:
      nanoid: 3.3.6
      picocolors: 1.0.0
      source-map-js: 1.0.2
    dev: true

  /resolve/1.22.2:
    resolution: {integrity: sha512-Sb+mjNHOULsBv818T40qSPeRiuWLyaGMa5ewydRLFimneixmVy2zdivRl+AF6jaYPC8ERxGDmFSiqui6SfPd+g==, tarball: resolve/download/resolve-1.22.2.tgz}
    hasBin: true
    dependencies:
      is-core-module: 2.12.1
      path-parse: 1.0.7
      supports-preserve-symlinks-flag: 1.0.0
    dev: true

  /rollup/2.77.3:
    resolution: {integrity: sha512-/qxNTG7FbmefJWoeeYJFbHehJ2HNWnjkAFRKzWN/45eNBBF/r8lo992CwcJXEzyVxs5FmfId+vTSTQDb+bxA+g==, tarball: rollup/download/rollup-2.77.3.tgz}
    engines: {node: '>=10.0.0'}
    hasBin: true
    optionalDependencies:
      fsevents: 2.3.2
    dev: true

  /source-map-js/1.0.2:
    resolution: {integrity: sha512-R0XvVJ9WusLiqTCEiGCmICCMplcCkIwwR11mOSD9CR5u+IXYdiseeEuXCVAjS54zqwkLcPNnmU4OeJ6tUrWhDw==, tarball: source-map-js/download/source-map-js-1.0.2.tgz}
    engines: {node: '>=0.10.0'}
    dev: true

  /supports-preserve-symlinks-flag/1.0.0:
    resolution: {integrity: sha512-ot0WnXS9fgdkgIcePe6RHNk1WA8+muPa6cSjeR3V8K27q9BB1rTE3R1p7Hv0z1ZyAc8s6Vvv8DIyWf681MAt0w==, tarball: supports-preserve-symlinks-flag/download/supports-preserve-symlinks-flag-1.0.0.tgz}
    engines: {node: '>= 0.4'}
    dev: true

  /vite/2.9.16:
    resolution: {integrity: sha512-X+6q8KPyeuBvTQV8AVSnKDvXoBMnTx8zxh54sOwmmuOdxkjMmEJXH2UEchA+vTMps1xw9vL64uwJOWryULg7nA==, tarball: vite/download/vite-2.9.16.tgz}
    engines: {node: '>=12.2.0'}
    hasBin: true
    peerDependencies:
      less: '*'
      sass: '*'
      stylus: '*'
    peerDependenciesMeta:
      less:
        optional: true
      sass:
        optional: true
      stylus:
        optional: true
    dependencies:
      esbuild: 0.14.54
      postcss: 8.4.24
      resolve: 1.22.2
      rollup: 2.77.3
    optionalDependencies:
      fsevents: 2.3.2
    dev: true
